<?xml version="1.0" encoding="utf-8"?>
<Project ToolsVersion="4.0" xmlns="http://schemas.microsoft.com/developer/msbuild/2003">
  <ItemGroup>
    <FxCompile Include="CRTFilter_PS.hlsl" />
    <FxCompile Include="Parallax_VS.hlsl" />
    <FxCompile Include="PassThrough_PS.hlsl" />
    <FxCompile Include="PassThrough_VS.hlsl" />
  </ItemGroup>
  <ItemGroup>
    <ClCompile Include="AnimationClip.cpp" />
    <ClCompile Include="BaseRender.cpp" />
    <ClCompile Include="BitmapRender.cpp" />
    <ClCompile Include="Collider2D.cpp" />
    <ClCompile Include="Component.h" />
    <ClCompile Include="Core.cpp" />
    <ClCompile Include="CreateObject.cpp" />
    <ClCompile Include="FileDirectory.cpp" />
    <ClCompile Include="GameTimer.cpp" />
    <ClCompile Include="GeoRender.cpp" />
    <ClCompile Include="InputManager.cpp" />
    <ClCompile Include="JokerManager.cpp" />
    <ClCompile Include="Object.cpp" />
    <ClCompile Include="pch.cpp" />
    <ClCompile Include="Renderer.cpp" />
    <ClCompile Include="SceneBase.cpp" />
    <ClCompile Include="SceneManager.cpp" />
    <ClCompile Include="ShaderManager.cpp" />
    <ClCompile Include="SoundManager.cpp" />
    <ClCompile Include="SpriteManager.cpp" />
    <ClCompile Include="SpriteParser.cpp" />
    <ClCompile Include="JokerParser.cpp" />
    <ClCompile Include="Timer.cpp" />
    <ClCompile Include="Transform.cpp" />
    <ClCompile Include="Window.cpp" />
    <ClCompile Include="Button.cpp">
      <Filter>UI</Filter>
    </ClCompile>
  </ItemGroup>
  <ItemGroup>
    <ClInclude Include="Actor.h" />
    <ClInclude Include="AnimationClip.h" />
    <ClInclude Include="BaseRender.h" />
    <ClInclude Include="BitmapRender.h" />
    <ClInclude Include="BoardLayoutComponent.h" />
    <ClInclude Include="Collider2D.h" />
    <ClInclude Include="Core.h" />
    <ClInclude Include="CreateObject.h" />
    <ClInclude Include="Engine.h" />
    <ClInclude Include="FileDirectory.h" />
    <ClInclude Include="GameTimer.h" />
    <ClInclude Include="GeoRender.h" />
    <ClInclude Include="InputManager.h" />
    <ClInclude Include="JokerManager.h" />
    <ClInclude Include="json.hpp" />
    <ClInclude Include="Object.h" />
    <ClInclude Include="pch.h" />
    <ClInclude Include="Renderer.h" />
    <ClInclude Include="SceneBase.h" />
    <ClInclude Include="SceneManager.h" />
    <ClInclude Include="ShaderManager.h" />
    <ClInclude Include="Singleton.h" />
    <ClInclude Include="SoundManager.h" />
    <ClInclude Include="SpriteManager.h" />
    <ClInclude Include="SpriteParser.h" />
    <ClInclude Include="StaticObject.h" />
    <ClInclude Include="JokerParser.h" />
    <ClInclude Include="Timer.h" />
    <ClInclude Include="Transform.h" />
    <ClInclude Include="Window.h" />
    <ClInclude Include="StoneType.h">
      <Filter>ETC</Filter>
    </ClInclude>
    <ClInclude Include="CoreTypes.h">
      <Filter>ETC</Filter>
    </ClInclude>
    <ClInclude Include="InputEvents.h">
      <Filter>ETC</Filter>
    </ClInclude>
    <ClInclude Include="ItemType.h">
      <Filter>ETC</Filter>
    </ClInclude>
    <ClInclude Include="Button.h">
      <Filter>UI</Filter>
    </ClInclude>
    <ClInclude Include="UI.h">
      <Filter>UI</Filter>
    </ClInclude>
  </ItemGroup>
  <ItemGroup>
    <Filter Include="ETC">
      <UniqueIdentifier>{8dd4ac8e-cc44-45ff-be81-34ab84653850}</UniqueIdentifier>
    </Filter>
    <Filter Include="UI">
      <UniqueIdentifier>{1b1f38db-09ce-4f79-aa9b-07d356a0a72e}</UniqueIdentifier>
    </Filter>
  </ItemGroup>
</Project>