<?xml version="1.0" encoding="utf-8"?>
<Project ToolsVersion="4.0" xmlns="http://schemas.microsoft.com/developer/msbuild/2003">
  <ItemGroup>
    <Filter Include="Common">
      <UniqueIdentifier>{4FC737F1-C7A5-4376-A066-2A32D752A2FF}</UniqueIdentifier>
      <Extensions>cpp;c;cc;cxx;c++;cppm;ixx;def;odl;idl;hpj;bat;asm;asmx</Extensions>
    </Filter>
    <Filter Include="Window">
      <UniqueIdentifier>{1da6cfa7-1bf6-4c7d-a92b-e206e4081d4d}</UniqueIdentifier>
    </Filter>
    <Filter Include="Timer">
      <UniqueIdentifier>{94f5997f-a4b4-4d43-832a-59ba50ab1003}</UniqueIdentifier>
    </Filter>
    <Filter Include="Managers">
      <UniqueIdentifier>{07dd99c3-40e5-476d-ae1a-87b79d1c76a8}</UniqueIdentifier>
    </Filter>
    <Filter Include="Utility">
      <UniqueIdentifier>{13f3e9af-611a-4797-b5f9-efb78ea996aa}</UniqueIdentifier>
    </Filter>
    <Filter Include="SceneBase">
      <UniqueIdentifier>{f9aed09b-3b5f-480d-a80a-e2e7379656fe}</UniqueIdentifier>
    </Filter>
    <Filter Include="Object">
      <UniqueIdentifier>{bb275a15-5bcd-4eaf-a951-3d77484a2f57}</UniqueIdentifier>
    </Filter>
    <Filter Include="Object\UI">
      <UniqueIdentifier>{e0743788-c68a-4523-bc7b-40dc01a132ca}</UniqueIdentifier>
    </Filter>
    <Filter Include="Object\Actor">
      <UniqueIdentifier>{7d5c84cf-10c9-43e0-a649-7671e5485ae0}</UniqueIdentifier>
    </Filter>
    <Filter Include="Object\Static">
      <UniqueIdentifier>{29bed93f-fceb-48f4-bbdf-163dfb747654}</UniqueIdentifier>
    </Filter>
    <Filter Include="Utility\Math">
      <UniqueIdentifier>{ab332733-d4cc-4457-b88b-fb27ce686fb9}</UniqueIdentifier>
    </Filter>
    <Filter Include="Core">
      <UniqueIdentifier>{fb8e5520-60d1-4bd0-8508-f1f143afccaf}</UniqueIdentifier>
    </Filter>
    <Filter Include="Components">
      <UniqueIdentifier>{318cf0cc-61a7-4761-a95b-d28cd8735b4a}</UniqueIdentifier>
    </Filter>
    <Filter Include="Renderer">
      <UniqueIdentifier>{c59b61d1-32b3-4f74-9191-6f158db14baf}</UniqueIdentifier>
    </Filter>
    <Filter Include="Sprite">
      <UniqueIdentifier>{a32c55bf-50b8-435e-8dc3-895bd79842dd}</UniqueIdentifier>
    </Filter>
  </ItemGroup>
  <ItemGroup>
    <ClCompile Include="Window.cpp">
      <Filter>Window</Filter>
    </ClCompile>
    <ClCompile Include="Timer.cpp">
      <Filter>Timer</Filter>
    </ClCompile>
    <ClCompile Include="Renderer.cpp">
      <Filter>Renderer</Filter>
    </ClCompile>
    <ClCompile Include="SceneManager.cpp">
      <Filter>Managers</Filter>
    </ClCompile>
    <ClCompile Include="SceneBase.cpp">
      <Filter>SceneBase</Filter>
    </ClCompile>
    <ClCompile Include="pch.cpp">
      <Filter>Common</Filter>
    </ClCompile>
    <ClCompile Include="Object.cpp">
      <Filter>Object</Filter>
    </ClCompile>
    <ClCompile Include="Core.cpp">
      <Filter>Core</Filter>
    </ClCompile>
    <ClCompile Include="GameTimer.cpp">
      <Filter>Timer</Filter>
    </ClCompile>
    <ClCompile Include="Component.h">
      <Filter>Components</Filter>
    </ClCompile>
    <ClCompile Include="Transform.cpp">
      <Filter>Components</Filter>
    </ClCompile>
    <ClCompile Include="BaseRender.cpp">
      <Filter>Components</Filter>
    </ClCompile>
    <ClCompile Include="GeoRender.cpp">
      <Filter>Components</Filter>
    </ClCompile>
    <ClCompile Include="InputManager.cpp">
      <Filter>Managers</Filter>
    </ClCompile>
    <ClCompile Include="SpriteParser.cpp">
      <Filter>Sprite</Filter>
    </ClCompile>
    <ClCompile Include="AnimationClip.cpp">
      <Filter>Sprite</Filter>
    </ClCompile>
    <ClCompile Include="SpriteManager.cpp">
      <Filter>Managers</Filter>
    </ClCompile>
    <ClCompile Include="BitmapRender.cpp">
      <Filter>Components</Filter>
    </ClCompile>
    <ClCompile Include="SoundManager.cpp">
      <Filter>Managers</Filter>
    </ClCompile>
    <ClCompile Include="Collider2D.cpp">
      <Filter>Components</Filter>
    </ClCompile>
    <ClCompile Include="FileDirectory.cpp">
      <Filter>Utility</Filter>
    </ClCompile>
  </ItemGroup>
  <ItemGroup>
    <ClInclude Include="Engine.h" />
    <ClInclude Include="Window.h">
      <Filter>Window</Filter>
    </ClInclude>
    <ClInclude Include="Timer.h">
      <Filter>Timer</Filter>
    </ClInclude>
    <ClInclude Include="Renderer.h">
      <Filter>Renderer</Filter>
    </ClInclude>
    <ClInclude Include="SceneManager.h">
      <Filter>Managers</Filter>
    </ClInclude>
    <ClInclude Include="Singleton.h">
      <Filter>Utility</Filter>
    </ClInclude>
    <ClInclude Include="SceneBase.h">
      <Filter>SceneBase</Filter>
    </ClInclude>
    <ClInclude Include="pch.h" />
    <ClInclude Include="Object.h">
      <Filter>Object</Filter>
    </ClInclude>
    <ClInclude Include="UI.h">
      <Filter>Object\UI</Filter>
    </ClInclude>
    <ClInclude Include="StaticObject.h">
      <Filter>Object\Static</Filter>
    </ClInclude>
    <ClInclude Include="Actor.h">
      <Filter>Object\Actor</Filter>
    </ClInclude>
    <ClInclude Include="Core.h">
      <Filter>Core</Filter>
    </ClInclude>
    <ClInclude Include="GameTimer.h">
      <Filter>Timer</Filter>
    </ClInclude>
    <ClInclude Include="CoreTypes.h">
      <Filter>Components</Filter>
    </ClInclude>
    <ClInclude Include="Transform.h">
      <Filter>Components</Filter>
    </ClInclude>
    <ClInclude Include="BaseRender.h">
      <Filter>Components</Filter>
    </ClInclude>
    <ClInclude Include="GeoRender.h">
      <Filter>Components</Filter>
    </ClInclude>
    <ClInclude Include="InputManager.h">
      <Filter>Managers</Filter>
    </ClInclude>
    <ClInclude Include="SpriteParser.h">
      <Filter>Sprite</Filter>
    </ClInclude>
    <ClInclude Include="AnimationClip.h">
      <Filter>Sprite</Filter>
    </ClInclude>
    <ClInclude Include="json.hpp">
      <Filter>Sprite</Filter>
    </ClInclude>
    <ClInclude Include="SpriteManager.h">
      <Filter>Managers</Filter>
    </ClInclude>
    <ClInclude Include="BitmapRender.h">
      <Filter>Components</Filter>
    </ClInclude>
    <ClInclude Include="SoundManager.h">
      <Filter>Managers</Filter>
    </ClInclude>
    <ClInclude Include="Collider2D.h">
      <Filter>Components</Filter>
    </ClInclude>
    <ClInclude Include="FileDirectory.h">
      <Filter>Utility</Filter>
    </ClInclude>
  </ItemGroup>
</Project>