<?xml version="1.0" encoding="utf-8"?>
<Project ToolsVersion="4.0" xmlns="http://schemas.microsoft.com/developer/msbuild/2003">
  <ItemGroup>
    <Filter Include="소스 파일">
      <UniqueIdentifier>{4FC737F1-C7A5-4376-A066-2A32D752A2FF}</UniqueIdentifier>
      <Extensions>cpp;c;cc;cxx;c++;cppm;ixx;def;odl;idl;hpj;bat;asm;asmx</Extensions>
    </Filter>
    <Filter Include="헤더 파일">
      <UniqueIdentifier>{93995380-89BD-4b04-88EB-625FBE52EBFB}</UniqueIdentifier>
      <Extensions>h;hh;hpp;hxx;h++;hm;inl;inc;ipp;xsd</Extensions>
    </Filter>
    <Filter Include="소스 파일\GameManager">
      <UniqueIdentifier>{e3e280a6-110e-4465-9664-735caf99bd32}</UniqueIdentifier>
    </Filter>
    <Filter Include="소스 파일\Common">
      <UniqueIdentifier>{fa41bbfc-57a6-4ade-b89f-7d01b8e3b607}</UniqueIdentifier>
    </Filter>
    <Filter Include="소스 파일\Scenes">
      <UniqueIdentifier>{6053c709-5c2e-4871-b636-d31a60f04c9a}</UniqueIdentifier>
    </Filter>
    <Filter Include="소스 파일\GameObjects">
      <UniqueIdentifier>{1eae1693-f355-4dd6-9baf-b35739dc75f1}</UniqueIdentifier>
    </Filter>
  </ItemGroup>
  <ItemGroup>
    <ClCompile Include="main.cpp">
      <Filter>소스 파일</Filter>
    </ClCompile>
    <ClCompile Include="GameManager.cpp">
      <Filter>소스 파일\GameManager</Filter>
    </ClCompile>
    <ClCompile Include="TitleScene.cpp">
      <Filter>소스 파일\Scenes</Filter>
    </ClCompile>
    <ClCompile Include="GameScene.cpp">
      <Filter>소스 파일\Scenes</Filter>
    </ClCompile>
    <ClCompile Include="Player.cpp">
      <Filter>소스 파일\GameObjects</Filter>
    </ClCompile>
    <ClCompile Include="cpch.cpp">
      <Filter>소스 파일</Filter>
    </ClCompile>
    <ClCompile Include="BackGround.cpp">
      <Filter>소스 파일\GameObjects</Filter>
    </ClCompile>
    <ClCompile Include="HintMark.cpp">
      <Filter>소스 파일\GameObjects</Filter>
    </ClCompile>
    <ClCompile Include="EndingScene.cpp">
      <Filter>소스 파일\Scenes</Filter>
    </ClCompile>
    <ClCompile Include="TutoScene.cpp">
      <Filter>소스 파일\Scenes</Filter>
    </ClCompile>
  </ItemGroup>
  <ItemGroup>
    <ClInclude Include="GameManager.h">
      <Filter>소스 파일\GameManager</Filter>
    </ClInclude>
    <ClInclude Include="cpch.h">
      <Filter>헤더 파일</Filter>
    </ClInclude>
    <ClInclude Include="Engine.h">
      <Filter>헤더 파일</Filter>
    </ClInclude>
    <ClInclude Include="TitleScene.h">
      <Filter>소스 파일\Scenes</Filter>
    </ClInclude>
    <ClInclude Include="GameScene.h">
      <Filter>소스 파일\Scenes</Filter>
    </ClInclude>
    <ClInclude Include="Player.h">
      <Filter>소스 파일\GameObjects</Filter>
    </ClInclude>
    <ClInclude Include="BoardObject.h">
      <Filter>소스 파일\GameObjects</Filter>
    </ClInclude>
    <ClInclude Include="BackGround.h">
      <Filter>소스 파일\GameObjects</Filter>
    </ClInclude>
    <ClInclude Include="HintMark.h">
      <Filter>소스 파일\GameObjects</Filter>
    </ClInclude>
    <ClInclude Include="EndingScene.h">
      <Filter>소스 파일\Scenes</Filter>
    </ClInclude>
    <ClInclude Include="TutoScene.h">
      <Filter>소스 파일\Scenes</Filter>
    </ClInclude>
  </ItemGroup>
</Project>